
Microsoft Visual Studio Solution File, Format Version 12.00
# Visual Studio Version 16
VisualStudioVersion = 16.0.30621.155
MinimumVisualStudioVersion = 10.0.40219.1
Project("{9A19103F-16F7-4668-BE54-9A1E7A4F7556}") = "pitch_tracker", "pitch_tracker.csproj", "{D5CB79CA-8083-46D8-BA47-A3F66D87F4B4}"
EndProject
Global
	GlobalSection(SolutionConfigurationPlatforms) = preSolution
		Debug|Any CPU = Debug|Any CPU
		Release|Any CPU = Release|Any CPU
	EndGlobalSection
	GlobalSection(ProjectConfigurationPlatforms) = postSolution
		{D5CB79CA-8083-46D8-BA47-A3F66D87F4B4}.Debug|Any CPU.ActiveCfg = Debug|Any CPU
		{D5CB79CA-8083-46D8-BA47-A3F66D87F4B4}.Debug|Any CPU.Build.0 = Debug|Any CPU
		{D5CB79CA-8083-46D8-BA47-A3F66D87F4B4}.Release|Any CPU.ActiveCfg = Release|Any CPU
		{D5CB79CA-8083-46D8-BA47-A3F66D87F4B4}.Release|Any CPU.Build.0 = Release|Any CPU
	EndGlobalSection
	GlobalSection(SolutionProperties) = preSolution
		HideSolutionNode = FALSE
	EndGlobalSection
	GlobalSection(ExtensibilityGlobals) = postSolution
		SolutionGuid = {FDB1D346-AC19-4846-9093-D63DA6DDE4B0}
	EndGlobalSection
EndGlobal
